
Microsoft Visual Studio Solution File, Format Version 12.00
# Visual Studio 2013
VisualStudioVersion = 12.0.21005.1
MinimumVisualStudioVersion = 10.0.40219.1
Project("{FAE04EC0-301F-11D3-BF4B-00C04F79EFBC}") = "DiceForEvo", "DiceForEvo\DiceForEvo.csproj", "{384D4E8D-3023-4145-B145-293B777AC064}"
EndProject
Project("{FAE04EC0-301F-11D3-BF4B-00C04F79EFBC}") = "DiceForEvo.Tests", "DiceForEvo.Tests\DiceForEvo.Tests.csproj", "{7AF5356A-4D54-495C-9130-366B507A7067}"
EndProject
Global
	GlobalSection(SolutionConfigurationPlatforms) = preSolution
		Debug|Any CPU = Debug|Any CPU
		Release|Any CPU = Release|Any CPU
	EndGlobalSection
	GlobalSection(ProjectConfigurationPlatforms) = postSolution
		{384D4E8D-3023-4145-B145-293B777AC064}.Debug|Any CPU.ActiveCfg = Debug|Any CPU
		{384D4E8D-3023-4145-B145-293B777AC064}.Debug|Any CPU.Build.0 = Debug|Any CPU
		{384D4E8D-3023-4145-B145-293B777AC064}.Release|Any CPU.ActiveCfg = Release|Any CPU
		{384D4E8D-3023-4145-B145-293B777AC064}.Release|Any CPU.Build.0 = Release|Any CPU
		{7AF5356A-4D54-495C-9130-366B507A7067}.Debug|Any CPU.ActiveCfg = Debug|Any CPU
		{7AF5356A-4D54-495C-9130-366B507A7067}.Debug|Any CPU.Build.0 = Debug|Any CPU
		{7AF5356A-4D54-495C-9130-366B507A7067}.Release|Any CPU.ActiveCfg = Release|Any CPU
		{7AF5356A-4D54-495C-9130-366B507A7067}.Release|Any CPU.Build.0 = Release|Any CPU
	EndGlobalSection
	GlobalSection(SolutionProperties) = preSolution
		HideSolutionNode = FALSE
	EndGlobalSection
EndGlobal
